
Microsoft Visual Studio Solution File, Format Version 12.00
# Visual Studio 2012
Project("{FAE04EC0-301F-11D3-BF4B-00C04F79EFBC}") = "Model", "Model\Model.csproj", "{EC21148F-8BA8-431F-B388-988A7896572B}"
EndProject
Project("{FAE04EC0-301F-11D3-BF4B-00C04F79EFBC}") = "QueryBuilder", "QueryBuilder\QueryBuilder.csproj", "{0455B0BB-D6E3-4F47-B113-13F8A82C8911}"
EndProject
Project("{FAE04EC0-301F-11D3-BF4B-00C04F79EFBC}") = "Database", "Database\Database.csproj", "{DF06AC30-E469-4582-8803-E3520D5D26E9}"
EndProject
Project("{FAE04EC0-301F-11D3-BF4B-00C04F79EFBC}") = "Processor", "DataImporter\Processor.csproj", "{3F478405-A621-43A6-A8EC-8E7FCA433601}"
EndProject
Project("{FAE04EC0-301F-11D3-BF4B-00C04F79EFBC}") = "BootStrapper", "BootStrappe\BootStrapper.csproj", "{5E6EA67A-4D81-4DD6-822A-9946D2FC6696}"
EndProject
Project("{FAE04EC0-301F-11D3-BF4B-00C04F79EFBC}") = "ProcessorTest", "ProcessorTest\ProcessorTest.csproj", "{66153B63-57C4-485D-A1DB-2F6F8A4E9B1D}"
EndProject
Project("{2150E333-8FDC-42A3-9474-1A3956D46DE8}") = "_tests", "_tests", "{6BAD2F74-7CCD-4241-9893-A91B7B82C949}"
EndProject
Project("{FAE04EC0-301F-11D3-BF4B-00C04F79EFBC}") = "DatabaseTest", "DatabaseTest\DatabaseTest.csproj", "{22747BC6-EEB3-4D84-B042-036889A85E22}"
EndProject
Project("{FAE04EC0-301F-11D3-BF4B-00C04F79EFBC}") = "QueryBuilderTest", "QueryBuilderTest\QueryBuilderTest.csproj", "{CCD3D0D2-7451-439B-9AE3-0129B0959667}"
EndProject
Project("{FAE04EC0-301F-11D3-BF4B-00C04F79EFBC}") = "Common", "Common\Common.csproj", "{83B4AC80-A601-421E-9818-521E459A3DBA}"
EndProject
Project("{FAE04EC0-301F-11D3-BF4B-00C04F79EFBC}") = "Workflow", "Workflow\Workflow.csproj", "{A7EBCCE0-F400-4CD2-B629-DAAE99C1B2B3}"
EndProject
Project("{FAE04EC0-301F-11D3-BF4B-00C04F79EFBC}") = "WorkflowTest", "WorkflowTest\WorkflowTest.csproj", "{70B5E825-857B-47E8-B6D7-C9DC11030FE5}"
EndProject
Project("{FAE04EC0-301F-11D3-BF4B-00C04F79EFBC}") = "ModelTest", "ModelTest\ModelTest.csproj", "{6EB2D6B4-D9BD-4934-8366-78ED50473BC7}"
EndProject
Project("{FAE04EC0-301F-11D3-BF4B-00C04F79EFBC}") = "Serializer", "Serializer\Serializer.csproj", "{0FC21743-D314-43F9-BB63-44BC4483DD2F}"
EndProject
Project("{E24C65DC-7377-472B-9ABA-BC803B73C61A}") = "Website", "http://localhost:51071", "{D470F77F-4382-4698-BA96-FF86D2B1A763}"
	ProjectSection(WebsiteProperties) = preProject
		UseIISExpress = "true"
		TargetFrameworkMoniker = ".NETFramework,Version%3Dv4.0"
		ProjectReferences = "{A7EBCCE0-F400-4CD2-B629-DAAE99C1B2B3}|Workflow.dll;{5E6EA67A-4D81-4DD6-822A-9946D2FC6696}|BootStrapper.dll;{83B4AC80-A601-421E-9818-521E459A3DBA}|Common.dll;{DF06AC30-E469-4582-8803-E3520D5D26E9}|Database.dll;{EC21148F-8BA8-431F-B388-988A7896572B}|Model.dll;{3F478405-A621-43A6-A8EC-8E7FCA433601}|Processor.dll;{0455B0BB-D6E3-4F47-B113-13F8A82C8911}|QueryBuilder.dll;{0FC21743-D314-43F9-BB63-44BC4483DD2F}|Serializer.dll;"
		Debug.AspNetCompiler.VirtualPath = "/localhost_51071"
		Debug.AspNetCompiler.PhysicalPath = "Website\"
		Debug.AspNetCompiler.TargetPath = "PrecompiledWeb\localhost_51071\"
		Debug.AspNetCompiler.Updateable = "true"
		Debug.AspNetCompiler.ForceOverwrite = "true"
		Debug.AspNetCompiler.FixedNames = "false"
		Debug.AspNetCompiler.Debug = "True"
		Release.AspNetCompiler.VirtualPath = "/localhost_51071"
		Release.AspNetCompiler.PhysicalPath = "Website\"
		Release.AspNetCompiler.TargetPath = "PrecompiledWeb\localhost_51071\"
		Release.AspNetCompiler.Updateable = "true"
		Release.AspNetCompiler.ForceOverwrite = "true"
		Release.AspNetCompiler.FixedNames = "false"
		Release.AspNetCompiler.Debug = "False"
		SlnRelativePath = "Website\"
		DefaultWebSiteLanguage = "Visual C#"
	EndProjectSection
EndProject
Project("{2150E333-8FDC-42A3-9474-1A3956D46DE8}") = ".nuget", ".nuget", "{B789ED3F-794C-4B9E-905F-06CD8D5AD2EF}"
	ProjectSection(SolutionItems) = preProject
		.nuget\NuGet.Config = .nuget\NuGet.Config
		.nuget\NuGet.exe = .nuget\NuGet.exe
		.nuget\NuGet.targets = .nuget\NuGet.targets
	EndProjectSection
EndProject
Global
	GlobalSection(SolutionConfigurationPlatforms) = preSolution
		Debug|Any CPU = Debug|Any CPU
		Release|Any CPU = Release|Any CPU
	EndGlobalSection
	GlobalSection(ProjectConfigurationPlatforms) = postSolution
		{EC21148F-8BA8-431F-B388-988A7896572B}.Debug|Any CPU.ActiveCfg = Debug|Any CPU
		{EC21148F-8BA8-431F-B388-988A7896572B}.Debug|Any CPU.Build.0 = Debug|Any CPU
		{EC21148F-8BA8-431F-B388-988A7896572B}.Release|Any CPU.ActiveCfg = Release|Any CPU
		{EC21148F-8BA8-431F-B388-988A7896572B}.Release|Any CPU.Build.0 = Release|Any CPU
		{0455B0BB-D6E3-4F47-B113-13F8A82C8911}.Debug|Any CPU.ActiveCfg = Debug|Any CPU
		{0455B0BB-D6E3-4F47-B113-13F8A82C8911}.Debug|Any CPU.Build.0 = Debug|Any CPU
		{0455B0BB-D6E3-4F47-B113-13F8A82C8911}.Release|Any CPU.ActiveCfg = Release|Any CPU
		{0455B0BB-D6E3-4F47-B113-13F8A82C8911}.Release|Any CPU.Build.0 = Release|Any CPU
		{DF06AC30-E469-4582-8803-E3520D5D26E9}.Debug|Any CPU.ActiveCfg = Debug|Any CPU
		{DF06AC30-E469-4582-8803-E3520D5D26E9}.Debug|Any CPU.Build.0 = Debug|Any CPU
		{DF06AC30-E469-4582-8803-E3520D5D26E9}.Release|Any CPU.ActiveCfg = Release|Any CPU
		{DF06AC30-E469-4582-8803-E3520D5D26E9}.Release|Any CPU.Build.0 = Release|Any CPU
		{3F478405-A621-43A6-A8EC-8E7FCA433601}.Debug|Any CPU.ActiveCfg = Debug|Any CPU
		{3F478405-A621-43A6-A8EC-8E7FCA433601}.Debug|Any CPU.Build.0 = Debug|Any CPU
		{3F478405-A621-43A6-A8EC-8E7FCA433601}.Release|Any CPU.ActiveCfg = Release|Any CPU
		{3F478405-A621-43A6-A8EC-8E7FCA433601}.Release|Any CPU.Build.0 = Release|Any CPU
		{5E6EA67A-4D81-4DD6-822A-9946D2FC6696}.Debug|Any CPU.ActiveCfg = Debug|Any CPU
		{5E6EA67A-4D81-4DD6-822A-9946D2FC6696}.Debug|Any CPU.Build.0 = Debug|Any CPU
		{5E6EA67A-4D81-4DD6-822A-9946D2FC6696}.Release|Any CPU.ActiveCfg = Release|Any CPU
		{5E6EA67A-4D81-4DD6-822A-9946D2FC6696}.Release|Any CPU.Build.0 = Release|Any CPU
		{66153B63-57C4-485D-A1DB-2F6F8A4E9B1D}.Debug|Any CPU.ActiveCfg = Debug|Any CPU
		{66153B63-57C4-485D-A1DB-2F6F8A4E9B1D}.Debug|Any CPU.Build.0 = Debug|Any CPU
		{66153B63-57C4-485D-A1DB-2F6F8A4E9B1D}.Release|Any CPU.ActiveCfg = Release|Any CPU
		{66153B63-57C4-485D-A1DB-2F6F8A4E9B1D}.Release|Any CPU.Build.0 = Release|Any CPU
		{22747BC6-EEB3-4D84-B042-036889A85E22}.Debug|Any CPU.ActiveCfg = Debug|Any CPU
		{22747BC6-EEB3-4D84-B042-036889A85E22}.Debug|Any CPU.Build.0 = Debug|Any CPU
		{22747BC6-EEB3-4D84-B042-036889A85E22}.Release|Any CPU.ActiveCfg = Release|Any CPU
		{22747BC6-EEB3-4D84-B042-036889A85E22}.Release|Any CPU.Build.0 = Release|Any CPU
		{CCD3D0D2-7451-439B-9AE3-0129B0959667}.Debug|Any CPU.ActiveCfg = Debug|Any CPU
		{CCD3D0D2-7451-439B-9AE3-0129B0959667}.Debug|Any CPU.Build.0 = Debug|Any CPU
		{CCD3D0D2-7451-439B-9AE3-0129B0959667}.Release|Any CPU.ActiveCfg = Release|Any CPU
		{CCD3D0D2-7451-439B-9AE3-0129B0959667}.Release|Any CPU.Build.0 = Release|Any CPU
		{83B4AC80-A601-421E-9818-521E459A3DBA}.Debug|Any CPU.ActiveCfg = Debug|Any CPU
		{83B4AC80-A601-421E-9818-521E459A3DBA}.Debug|Any CPU.Build.0 = Debug|Any CPU
		{83B4AC80-A601-421E-9818-521E459A3DBA}.Release|Any CPU.ActiveCfg = Release|Any CPU
		{83B4AC80-A601-421E-9818-521E459A3DBA}.Release|Any CPU.Build.0 = Release|Any CPU
		{A7EBCCE0-F400-4CD2-B629-DAAE99C1B2B3}.Debug|Any CPU.ActiveCfg = Debug|Any CPU
		{A7EBCCE0-F400-4CD2-B629-DAAE99C1B2B3}.Debug|Any CPU.Build.0 = Debug|Any CPU
		{A7EBCCE0-F400-4CD2-B629-DAAE99C1B2B3}.Release|Any CPU.ActiveCfg = Release|Any CPU
		{A7EBCCE0-F400-4CD2-B629-DAAE99C1B2B3}.Release|Any CPU.Build.0 = Release|Any CPU
		{70B5E825-857B-47E8-B6D7-C9DC11030FE5}.Debug|Any CPU.ActiveCfg = Debug|Any CPU
		{70B5E825-857B-47E8-B6D7-C9DC11030FE5}.Debug|Any CPU.Build.0 = Debug|Any CPU
		{70B5E825-857B-47E8-B6D7-C9DC11030FE5}.Release|Any CPU.ActiveCfg = Release|Any CPU
		{70B5E825-857B-47E8-B6D7-C9DC11030FE5}.Release|Any CPU.Build.0 = Release|Any CPU
		{6EB2D6B4-D9BD-4934-8366-78ED50473BC7}.Debug|Any CPU.ActiveCfg = Debug|Any CPU
		{6EB2D6B4-D9BD-4934-8366-78ED50473BC7}.Debug|Any CPU.Build.0 = Debug|Any CPU
		{6EB2D6B4-D9BD-4934-8366-78ED50473BC7}.Release|Any CPU.ActiveCfg = Release|Any CPU
		{6EB2D6B4-D9BD-4934-8366-78ED50473BC7}.Release|Any CPU.Build.0 = Release|Any CPU
		{0FC21743-D314-43F9-BB63-44BC4483DD2F}.Debug|Any CPU.ActiveCfg = Debug|Any CPU
		{0FC21743-D314-43F9-BB63-44BC4483DD2F}.Debug|Any CPU.Build.0 = Debug|Any CPU
		{0FC21743-D314-43F9-BB63-44BC4483DD2F}.Release|Any CPU.ActiveCfg = Release|Any CPU
		{0FC21743-D314-43F9-BB63-44BC4483DD2F}.Release|Any CPU.Build.0 = Release|Any CPU
		{D470F77F-4382-4698-BA96-FF86D2B1A763}.Debug|Any CPU.ActiveCfg = Debug|Any CPU
		{D470F77F-4382-4698-BA96-FF86D2B1A763}.Debug|Any CPU.Build.0 = Debug|Any CPU
		{D470F77F-4382-4698-BA96-FF86D2B1A763}.Release|Any CPU.ActiveCfg = Debug|Any CPU
		{D470F77F-4382-4698-BA96-FF86D2B1A763}.Release|Any CPU.Build.0 = Debug|Any CPU
	EndGlobalSection
	GlobalSection(SolutionProperties) = preSolution
		HideSolutionNode = FALSE
	EndGlobalSection
	GlobalSection(NestedProjects) = preSolution
		{66153B63-57C4-485D-A1DB-2F6F8A4E9B1D} = {6BAD2F74-7CCD-4241-9893-A91B7B82C949}
		{22747BC6-EEB3-4D84-B042-036889A85E22} = {6BAD2F74-7CCD-4241-9893-A91B7B82C949}
		{CCD3D0D2-7451-439B-9AE3-0129B0959667} = {6BAD2F74-7CCD-4241-9893-A91B7B82C949}
		{70B5E825-857B-47E8-B6D7-C9DC11030FE5} = {6BAD2F74-7CCD-4241-9893-A91B7B82C949}
		{6EB2D6B4-D9BD-4934-8366-78ED50473BC7} = {6BAD2F74-7CCD-4241-9893-A91B7B82C949}
	EndGlobalSection
EndGlobal
